
Microsoft Visual Studio Solution File, Format Version 12.00
# Visual Studio Version 16
VisualStudioVersion = 16.0.28803.156
MinimumVisualStudioVersion = 10.0.40219.1
Project("{2150E333-8FDC-42A3-9474-1A3956D46DE8}") = "Prion", "Prion", "{E0619336-A94F-4280-838B-484A35261D76}"
EndProject
Project("{9A19103F-16F7-4668-BE54-9A1E7A4F7556}") = "Contagion", "..\Prion\Contagion\Contagion.csproj", "{A132BB89-8317-4CD4-8B7A-13C15464ADFD}"
EndProject
Project("{9A19103F-16F7-4668-BE54-9A1E7A4F7556}") = "Vitaru", "Vitaru\Vitaru.csproj", "{0DEAAAD3-995D-49E2-9ADC-3CF2D1816C82}"
EndProject
Project("{9A19103F-16F7-4668-BE54-9A1E7A4F7556}") = "Vitaru.Server", "Vitaru.Server\Vitaru.Server.csproj", "{4FA72FAD-6C19-4A75-B008-0F3E668D6A6A}"
EndProject
Project("{9A19103F-16F7-4668-BE54-9A1E7A4F7556}") = "Prion.Nucleus", "..\Prion\Prion.Nucleus\Prion.Nucleus.csproj", "{6794BE50-3AC2-4BD1-991D-049F4F38E913}"
EndProject
Project("{9A19103F-16F7-4668-BE54-9A1E7A4F7556}") = "Prion.Mitochondria", "..\Prion\Prion.Mitochondria\Prion.Mitochondria.csproj", "{00D24C17-2873-49A5-B82B-638FCC759D95}"
EndProject
Project("{9A19103F-16F7-4668-BE54-9A1E7A4F7556}") = "Prion.Golgi", "..\Prion\Prion.Golgi\Prion.Golgi.csproj", "{E0360528-22FC-4DEA-AECF-153B832F8DBC}"
EndProject
Project("{9A19103F-16F7-4668-BE54-9A1E7A4F7556}") = "Prion.Centrosome", "..\Prion\Prion.Centrosome\Prion.Centrosome.csproj", "{5CC90A8B-C254-4609-8161-9F3D9B2CF467}"
EndProject
Project("{9A19103F-16F7-4668-BE54-9A1E7A4F7556}") = "Pinger", "..\Prion\Pinger\Pinger.csproj", "{DEC70F10-AA14-4E33-9D18-E2A556D8449A}"
EndProject
Project("{9A19103F-16F7-4668-BE54-9A1E7A4F7556}") = "Prion.Chromatin", "..\Prion\Prion.Chromatin\Prion.Chromatin.csproj", "{73090A08-3577-4426-8B84-28B024F79656}"
EndProject
Project("{9A19103F-16F7-4668-BE54-9A1E7A4F7556}") = "SMEtoMER", "..\Prion\SMEtoMER\SMEtoMER.csproj", "{3612B294-2540-4DE1-8106-4BF5505CF2A5}"
EndProject
Global
	GlobalSection(SolutionConfigurationPlatforms) = preSolution
		Debug|Any CPU = Debug|Any CPU
		Publish|Any CPU = Publish|Any CPU
		Release|Any CPU = Release|Any CPU
	EndGlobalSection
	GlobalSection(ProjectConfigurationPlatforms) = postSolution
		{A132BB89-8317-4CD4-8B7A-13C15464ADFD}.Debug|Any CPU.ActiveCfg = Debug|Any CPU
		{A132BB89-8317-4CD4-8B7A-13C15464ADFD}.Debug|Any CPU.Build.0 = Debug|Any CPU
		{A132BB89-8317-4CD4-8B7A-13C15464ADFD}.Publish|Any CPU.ActiveCfg = Publish|Any CPU
		{A132BB89-8317-4CD4-8B7A-13C15464ADFD}.Publish|Any CPU.Build.0 = Publish|Any CPU
		{A132BB89-8317-4CD4-8B7A-13C15464ADFD}.Release|Any CPU.ActiveCfg = Release|Any CPU
		{A132BB89-8317-4CD4-8B7A-13C15464ADFD}.Release|Any CPU.Build.0 = Release|Any CPU
		{0DEAAAD3-995D-49E2-9ADC-3CF2D1816C82}.Debug|Any CPU.ActiveCfg = Debug|Any CPU
		{0DEAAAD3-995D-49E2-9ADC-3CF2D1816C82}.Debug|Any CPU.Build.0 = Debug|Any CPU
		{0DEAAAD3-995D-49E2-9ADC-3CF2D1816C82}.Publish|Any CPU.ActiveCfg = Publish|Any CPU
		{0DEAAAD3-995D-49E2-9ADC-3CF2D1816C82}.Publish|Any CPU.Build.0 = Publish|Any CPU
		{0DEAAAD3-995D-49E2-9ADC-3CF2D1816C82}.Release|Any CPU.ActiveCfg = Release|Any CPU
		{0DEAAAD3-995D-49E2-9ADC-3CF2D1816C82}.Release|Any CPU.Build.0 = Release|Any CPU
		{4FA72FAD-6C19-4A75-B008-0F3E668D6A6A}.Debug|Any CPU.ActiveCfg = Debug|Any CPU
		{4FA72FAD-6C19-4A75-B008-0F3E668D6A6A}.Debug|Any CPU.Build.0 = Debug|Any CPU
		{4FA72FAD-6C19-4A75-B008-0F3E668D6A6A}.Publish|Any CPU.ActiveCfg = Publish|Any CPU
		{4FA72FAD-6C19-4A75-B008-0F3E668D6A6A}.Publish|Any CPU.Build.0 = Publish|Any CPU
		{4FA72FAD-6C19-4A75-B008-0F3E668D6A6A}.Release|Any CPU.ActiveCfg = Release|Any CPU
		{4FA72FAD-6C19-4A75-B008-0F3E668D6A6A}.Release|Any CPU.Build.0 = Release|Any CPU
		{6794BE50-3AC2-4BD1-991D-049F4F38E913}.Debug|Any CPU.ActiveCfg = Debug|Any CPU
		{6794BE50-3AC2-4BD1-991D-049F4F38E913}.Debug|Any CPU.Build.0 = Debug|Any CPU
		{6794BE50-3AC2-4BD1-991D-049F4F38E913}.Publish|Any CPU.ActiveCfg = Publish|Any CPU
		{6794BE50-3AC2-4BD1-991D-049F4F38E913}.Publish|Any CPU.Build.0 = Publish|Any CPU
		{6794BE50-3AC2-4BD1-991D-049F4F38E913}.Release|Any CPU.ActiveCfg = Release|Any CPU
		{6794BE50-3AC2-4BD1-991D-049F4F38E913}.Release|Any CPU.Build.0 = Release|Any CPU
		{00D24C17-2873-49A5-B82B-638FCC759D95}.Debug|Any CPU.ActiveCfg = Debug|Any CPU
		{00D24C17-2873-49A5-B82B-638FCC759D95}.Debug|Any CPU.Build.0 = Debug|Any CPU
		{00D24C17-2873-49A5-B82B-638FCC759D95}.Publish|Any CPU.ActiveCfg = Publish|Any CPU
		{00D24C17-2873-49A5-B82B-638FCC759D95}.Publish|Any CPU.Build.0 = Publish|Any CPU
		{00D24C17-2873-49A5-B82B-638FCC759D95}.Release|Any CPU.ActiveCfg = Release|Any CPU
		{00D24C17-2873-49A5-B82B-638FCC759D95}.Release|Any CPU.Build.0 = Release|Any CPU
		{E0360528-22FC-4DEA-AECF-153B832F8DBC}.Debug|Any CPU.ActiveCfg = Debug|Any CPU
		{E0360528-22FC-4DEA-AECF-153B832F8DBC}.Debug|Any CPU.Build.0 = Debug|Any CPU
		{E0360528-22FC-4DEA-AECF-153B832F8DBC}.Publish|Any CPU.ActiveCfg = Publish|Any CPU
		{E0360528-22FC-4DEA-AECF-153B832F8DBC}.Publish|Any CPU.Build.0 = Publish|Any CPU
		{E0360528-22FC-4DEA-AECF-153B832F8DBC}.Release|Any CPU.ActiveCfg = Release|Any CPU
		{E0360528-22FC-4DEA-AECF-153B832F8DBC}.Release|Any CPU.Build.0 = Release|Any CPU
		{5CC90A8B-C254-4609-8161-9F3D9B2CF467}.Debug|Any CPU.ActiveCfg = Debug|Any CPU
		{5CC90A8B-C254-4609-8161-9F3D9B2CF467}.Debug|Any CPU.Build.0 = Debug|Any CPU
		{5CC90A8B-C254-4609-8161-9F3D9B2CF467}.Publish|Any CPU.ActiveCfg = Publish|Any CPU
		{5CC90A8B-C254-4609-8161-9F3D9B2CF467}.Publish|Any CPU.Build.0 = Publish|Any CPU
		{5CC90A8B-C254-4609-8161-9F3D9B2CF467}.Release|Any CPU.ActiveCfg = Release|Any CPU
		{5CC90A8B-C254-4609-8161-9F3D9B2CF467}.Release|Any CPU.Build.0 = Release|Any CPU
		{DEC70F10-AA14-4E33-9D18-E2A556D8449A}.Debug|Any CPU.ActiveCfg = Debug|Any CPU
		{DEC70F10-AA14-4E33-9D18-E2A556D8449A}.Debug|Any CPU.Build.0 = Debug|Any CPU
		{DEC70F10-AA14-4E33-9D18-E2A556D8449A}.Publish|Any CPU.ActiveCfg = Publish|Any CPU
		{DEC70F10-AA14-4E33-9D18-E2A556D8449A}.Publish|Any CPU.Build.0 = Publish|Any CPU
		{DEC70F10-AA14-4E33-9D18-E2A556D8449A}.Release|Any CPU.ActiveCfg = Release|Any CPU
		{DEC70F10-AA14-4E33-9D18-E2A556D8449A}.Release|Any CPU.Build.0 = Release|Any CPU
		{73090A08-3577-4426-8B84-28B024F79656}.Debug|Any CPU.ActiveCfg = Debug|Any CPU
		{73090A08-3577-4426-8B84-28B024F79656}.Debug|Any CPU.Build.0 = Debug|Any CPU
		{73090A08-3577-4426-8B84-28B024F79656}.Publish|Any CPU.ActiveCfg = Publish|Any CPU
		{73090A08-3577-4426-8B84-28B024F79656}.Publish|Any CPU.Build.0 = Publish|Any CPU
		{73090A08-3577-4426-8B84-28B024F79656}.Release|Any CPU.ActiveCfg = Release|Any CPU
		{73090A08-3577-4426-8B84-28B024F79656}.Release|Any CPU.Build.0 = Release|Any CPU
		{3612B294-2540-4DE1-8106-4BF5505CF2A5}.Debug|Any CPU.ActiveCfg = Debug|Any CPU
		{3612B294-2540-4DE1-8106-4BF5505CF2A5}.Debug|Any CPU.Build.0 = Debug|Any CPU
		{3612B294-2540-4DE1-8106-4BF5505CF2A5}.Publish|Any CPU.ActiveCfg = Publish|Any CPU
		{3612B294-2540-4DE1-8106-4BF5505CF2A5}.Publish|Any CPU.Build.0 = Publish|Any CPU
		{3612B294-2540-4DE1-8106-4BF5505CF2A5}.Release|Any CPU.ActiveCfg = Release|Any CPU
		{3612B294-2540-4DE1-8106-4BF5505CF2A5}.Release|Any CPU.Build.0 = Release|Any CPU
	EndGlobalSection
	GlobalSection(SolutionProperties) = preSolution
		HideSolutionNode = FALSE
	EndGlobalSection
	GlobalSection(NestedProjects) = preSolution
		{A132BB89-8317-4CD4-8B7A-13C15464ADFD} = {E0619336-A94F-4280-838B-484A35261D76}
		{6794BE50-3AC2-4BD1-991D-049F4F38E913} = {E0619336-A94F-4280-838B-484A35261D76}
		{00D24C17-2873-49A5-B82B-638FCC759D95} = {E0619336-A94F-4280-838B-484A35261D76}
		{E0360528-22FC-4DEA-AECF-153B832F8DBC} = {E0619336-A94F-4280-838B-484A35261D76}
		{5CC90A8B-C254-4609-8161-9F3D9B2CF467} = {E0619336-A94F-4280-838B-484A35261D76}
		{DEC70F10-AA14-4E33-9D18-E2A556D8449A} = {E0619336-A94F-4280-838B-484A35261D76}
		{73090A08-3577-4426-8B84-28B024F79656} = {E0619336-A94F-4280-838B-484A35261D76}
		{3612B294-2540-4DE1-8106-4BF5505CF2A5} = {E0619336-A94F-4280-838B-484A35261D76}
	EndGlobalSection
	GlobalSection(ExtensibilityGlobals) = postSolution
		SolutionGuid = {1FF9E9E5-F170-4859-B102-80968AAE1D5A}
	EndGlobalSection
	GlobalSection(MonoDevelopProperties) = preSolution
		Policies = $0
		$0.TextStylePolicy = $1
		$1.EolMarker = Windows
		$1.inheritsSet = VisualStudio
		$1.inheritsScope = text/plain
		$1.scope = text/x-csharp
		$0.CSharpFormattingPolicy = $2
		$2.IndentSwitchSection = True
		$2.NewLinesForBracesInProperties = True
		$2.NewLinesForBracesInAccessors = True
		$2.NewLinesForBracesInAnonymousMethods = True
		$2.NewLinesForBracesInControlBlocks = True
		$2.NewLinesForBracesInAnonymousTypes = True
		$2.NewLinesForBracesInObjectCollectionArrayInitializers = True
		$2.NewLinesForBracesInLambdaExpressionBody = True
		$2.NewLineForElse = True
		$2.NewLineForCatch = True
		$2.NewLineForFinally = True
		$2.NewLineForMembersInObjectInit = True
		$2.NewLineForMembersInAnonymousTypes = True
		$2.NewLineForClausesInQuery = True
		$2.SpacingAfterMethodDeclarationName = False
		$2.SpaceAfterMethodCallName = False
		$2.SpaceBeforeOpenSquareBracket = False
		$2.inheritsSet = Mono
		$2.inheritsScope = text/x-csharp
		$2.scope = text/x-csharp
	EndGlobalSection
	GlobalSection(MonoDevelopProperties) = preSolution
		Policies = $0
		$0.TextStylePolicy = $1
		$1.EolMarker = Windows
		$1.inheritsSet = VisualStudio
		$1.inheritsScope = text/plain
		$1.scope = text/x-csharp
		$0.CSharpFormattingPolicy = $2
		$2.IndentSwitchSection = True
		$2.NewLinesForBracesInProperties = True
		$2.NewLinesForBracesInAccessors = True
		$2.NewLinesForBracesInAnonymousMethods = True
		$2.NewLinesForBracesInControlBlocks = True
		$2.NewLinesForBracesInAnonymousTypes = True
		$2.NewLinesForBracesInObjectCollectionArrayInitializers = True
		$2.NewLinesForBracesInLambdaExpressionBody = True
		$2.NewLineForElse = True
		$2.NewLineForCatch = True
		$2.NewLineForFinally = True
		$2.NewLineForMembersInObjectInit = True
		$2.NewLineForMembersInAnonymousTypes = True
		$2.NewLineForClausesInQuery = True
		$2.SpacingAfterMethodDeclarationName = False
		$2.SpaceAfterMethodCallName = False
		$2.SpaceBeforeOpenSquareBracket = False
		$2.inheritsSet = Mono
		$2.inheritsScope = text/x-csharp
		$2.scope = text/x-csharp
	EndGlobalSection
EndGlobal
