
Microsoft Visual Studio Solution File, Format Version 12.00
# Visual Studio Version 17
VisualStudioVersion = 17.0.31808.319
MinimumVisualStudioVersion = 10.0.40219.1
Project("{2150E333-8FDC-42A3-9474-1A3956D46DE8}") = "Prion", "Prion", "{E0619336-A94F-4280-838B-484A35261D76}"
EndProject
Project("{9A19103F-16F7-4668-BE54-9A1E7A4F7556}") = "Vitaru", "Vitaru\Vitaru.csproj", "{0DEAAAD3-995D-49E2-9ADC-3CF2D1816C82}"
EndProject
Project("{9A19103F-16F7-4668-BE54-9A1E7A4F7556}") = "Vitaru.Server", "Vitaru.Server\Vitaru.Server.csproj", "{4FA72FAD-6C19-4A75-B008-0F3E668D6A6A}"
EndProject
Project("{9A19103F-16F7-4668-BE54-9A1E7A4F7556}") = "Prion.Nucleus", "..\Prion\Prion.Nucleus\Prion.Nucleus.csproj", "{6794BE50-3AC2-4BD1-991D-049F4F38E913}"
EndProject
Project("{9A19103F-16F7-4668-BE54-9A1E7A4F7556}") = "Prion.Mitochondria", "..\Prion\Prion.Mitochondria\Prion.Mitochondria.csproj", "{00D24C17-2873-49A5-B82B-638FCC759D95}"
EndProject
Project("{9A19103F-16F7-4668-BE54-9A1E7A4F7556}") = "Prion.Golgi", "..\Prion\Prion.Golgi\Prion.Golgi.csproj", "{E0360528-22FC-4DEA-AECF-153B832F8DBC}"
EndProject
Project("{9A19103F-16F7-4668-BE54-9A1E7A4F7556}") = "Prion.Centrosome", "..\Prion\Prion.Centrosome\Prion.Centrosome.csproj", "{5CC90A8B-C254-4609-8161-9F3D9B2CF467}"
EndProject
Project("{2150E333-8FDC-42A3-9474-1A3956D46DE8}") = "Solution Items", "Solution Items", "{0C653DE3-1C49-486C-A5CD-DCCD9FB02A26}"
	ProjectSection(SolutionItems) = preProject
		.gitignore = .gitignore
		..\Prion\Prion.sln.DotSettings = ..\Prion\Prion.sln.DotSettings
		Vitaru.sln.DotSettings = Vitaru.sln.DotSettings
	EndProjectSection
EndProject
Project("{9A19103F-16F7-4668-BE54-9A1E7A4F7556}") = "Prion.Ribosome", "..\Prion\Prion.Ribosome\Prion.Ribosome.csproj", "{4C16CC3D-046A-4219-ADA7-9A69F54E8116}"
EndProject
Project("{9A19103F-16F7-4668-BE54-9A1E7A4F7556}") = "Breeder", "..\Prion\Breeder\Breeder.csproj", "{DE5580C8-FE61-43C9-AAC6-FDE7F830928D}"
EndProject
Project("{9A19103F-16F7-4668-BE54-9A1E7A4F7556}") = "Contagion", "..\Prion\Contagion\Contagion.csproj", "{EFF16F24-0C28-44BF-BDC4-B0DBB1D87BF4}"
EndProject
Global
	GlobalSection(SolutionConfigurationPlatforms) = preSolution
		Debug|Any CPU = Debug|Any CPU
		Personal|Any CPU = Personal|Any CPU
		Public|Any CPU = Public|Any CPU
		Release|Any CPU = Release|Any CPU
	EndGlobalSection
	GlobalSection(ProjectConfigurationPlatforms) = postSolution
		{0DEAAAD3-995D-49E2-9ADC-3CF2D1816C82}.Debug|Any CPU.ActiveCfg = Debug|Any CPU
		{0DEAAAD3-995D-49E2-9ADC-3CF2D1816C82}.Debug|Any CPU.Build.0 = Debug|Any CPU
		{0DEAAAD3-995D-49E2-9ADC-3CF2D1816C82}.Personal|Any CPU.ActiveCfg = Personal|Any CPU
		{0DEAAAD3-995D-49E2-9ADC-3CF2D1816C82}.Personal|Any CPU.Build.0 = Personal|Any CPU
		{0DEAAAD3-995D-49E2-9ADC-3CF2D1816C82}.Public|Any CPU.ActiveCfg = Public|Any CPU
		{0DEAAAD3-995D-49E2-9ADC-3CF2D1816C82}.Public|Any CPU.Build.0 = Public|Any CPU
		{0DEAAAD3-995D-49E2-9ADC-3CF2D1816C82}.Release|Any CPU.ActiveCfg = Release|Any CPU
		{0DEAAAD3-995D-49E2-9ADC-3CF2D1816C82}.Release|Any CPU.Build.0 = Release|Any CPU
		{4FA72FAD-6C19-4A75-B008-0F3E668D6A6A}.Debug|Any CPU.ActiveCfg = Debug|Any CPU
		{4FA72FAD-6C19-4A75-B008-0F3E668D6A6A}.Debug|Any CPU.Build.0 = Debug|Any CPU
		{4FA72FAD-6C19-4A75-B008-0F3E668D6A6A}.Personal|Any CPU.ActiveCfg = Personal|Any CPU
		{4FA72FAD-6C19-4A75-B008-0F3E668D6A6A}.Personal|Any CPU.Build.0 = Personal|Any CPU
		{4FA72FAD-6C19-4A75-B008-0F3E668D6A6A}.Public|Any CPU.ActiveCfg = Public|Any CPU
		{4FA72FAD-6C19-4A75-B008-0F3E668D6A6A}.Public|Any CPU.Build.0 = Public|Any CPU
		{4FA72FAD-6C19-4A75-B008-0F3E668D6A6A}.Release|Any CPU.ActiveCfg = Release|Any CPU
		{4FA72FAD-6C19-4A75-B008-0F3E668D6A6A}.Release|Any CPU.Build.0 = Release|Any CPU
		{6794BE50-3AC2-4BD1-991D-049F4F38E913}.Debug|Any CPU.ActiveCfg = Debug|Any CPU
		{6794BE50-3AC2-4BD1-991D-049F4F38E913}.Debug|Any CPU.Build.0 = Debug|Any CPU
		{6794BE50-3AC2-4BD1-991D-049F4F38E913}.Personal|Any CPU.ActiveCfg = Personal|Any CPU
		{6794BE50-3AC2-4BD1-991D-049F4F38E913}.Personal|Any CPU.Build.0 = Personal|Any CPU
		{6794BE50-3AC2-4BD1-991D-049F4F38E913}.Public|Any CPU.ActiveCfg = Public|Any CPU
		{6794BE50-3AC2-4BD1-991D-049F4F38E913}.Public|Any CPU.Build.0 = Public|Any CPU
		{6794BE50-3AC2-4BD1-991D-049F4F38E913}.Release|Any CPU.ActiveCfg = Release|Any CPU
		{6794BE50-3AC2-4BD1-991D-049F4F38E913}.Release|Any CPU.Build.0 = Release|Any CPU
		{00D24C17-2873-49A5-B82B-638FCC759D95}.Debug|Any CPU.ActiveCfg = Debug|Any CPU
		{00D24C17-2873-49A5-B82B-638FCC759D95}.Debug|Any CPU.Build.0 = Debug|Any CPU
		{00D24C17-2873-49A5-B82B-638FCC759D95}.Personal|Any CPU.ActiveCfg = Personal|Any CPU
		{00D24C17-2873-49A5-B82B-638FCC759D95}.Personal|Any CPU.Build.0 = Personal|Any CPU
		{00D24C17-2873-49A5-B82B-638FCC759D95}.Public|Any CPU.ActiveCfg = Public|Any CPU
		{00D24C17-2873-49A5-B82B-638FCC759D95}.Public|Any CPU.Build.0 = Public|Any CPU
		{00D24C17-2873-49A5-B82B-638FCC759D95}.Release|Any CPU.ActiveCfg = Release|Any CPU
		{00D24C17-2873-49A5-B82B-638FCC759D95}.Release|Any CPU.Build.0 = Release|Any CPU
		{E0360528-22FC-4DEA-AECF-153B832F8DBC}.Debug|Any CPU.ActiveCfg = Debug|Any CPU
		{E0360528-22FC-4DEA-AECF-153B832F8DBC}.Debug|Any CPU.Build.0 = Debug|Any CPU
		{E0360528-22FC-4DEA-AECF-153B832F8DBC}.Personal|Any CPU.ActiveCfg = Personal|Any CPU
		{E0360528-22FC-4DEA-AECF-153B832F8DBC}.Personal|Any CPU.Build.0 = Personal|Any CPU
		{E0360528-22FC-4DEA-AECF-153B832F8DBC}.Public|Any CPU.ActiveCfg = Public|Any CPU
		{E0360528-22FC-4DEA-AECF-153B832F8DBC}.Public|Any CPU.Build.0 = Public|Any CPU
		{E0360528-22FC-4DEA-AECF-153B832F8DBC}.Release|Any CPU.ActiveCfg = Release|Any CPU
		{E0360528-22FC-4DEA-AECF-153B832F8DBC}.Release|Any CPU.Build.0 = Release|Any CPU
		{5CC90A8B-C254-4609-8161-9F3D9B2CF467}.Debug|Any CPU.ActiveCfg = Debug|Any CPU
		{5CC90A8B-C254-4609-8161-9F3D9B2CF467}.Debug|Any CPU.Build.0 = Debug|Any CPU
		{5CC90A8B-C254-4609-8161-9F3D9B2CF467}.Personal|Any CPU.ActiveCfg = Personal|Any CPU
		{5CC90A8B-C254-4609-8161-9F3D9B2CF467}.Personal|Any CPU.Build.0 = Personal|Any CPU
		{5CC90A8B-C254-4609-8161-9F3D9B2CF467}.Public|Any CPU.ActiveCfg = Public|Any CPU
		{5CC90A8B-C254-4609-8161-9F3D9B2CF467}.Public|Any CPU.Build.0 = Public|Any CPU
		{5CC90A8B-C254-4609-8161-9F3D9B2CF467}.Release|Any CPU.ActiveCfg = Release|Any CPU
		{5CC90A8B-C254-4609-8161-9F3D9B2CF467}.Release|Any CPU.Build.0 = Release|Any CPU
		{4C16CC3D-046A-4219-ADA7-9A69F54E8116}.Debug|Any CPU.ActiveCfg = Debug|Any CPU
		{4C16CC3D-046A-4219-ADA7-9A69F54E8116}.Debug|Any CPU.Build.0 = Debug|Any CPU
		{4C16CC3D-046A-4219-ADA7-9A69F54E8116}.Personal|Any CPU.ActiveCfg = Personal|Any CPU
		{4C16CC3D-046A-4219-ADA7-9A69F54E8116}.Personal|Any CPU.Build.0 = Personal|Any CPU
		{4C16CC3D-046A-4219-ADA7-9A69F54E8116}.Public|Any CPU.ActiveCfg = Public|Any CPU
		{4C16CC3D-046A-4219-ADA7-9A69F54E8116}.Public|Any CPU.Build.0 = Public|Any CPU
		{4C16CC3D-046A-4219-ADA7-9A69F54E8116}.Release|Any CPU.ActiveCfg = Release|Any CPU
		{4C16CC3D-046A-4219-ADA7-9A69F54E8116}.Release|Any CPU.Build.0 = Release|Any CPU
		{DE5580C8-FE61-43C9-AAC6-FDE7F830928D}.Debug|Any CPU.ActiveCfg = Debug|Any CPU
		{DE5580C8-FE61-43C9-AAC6-FDE7F830928D}.Debug|Any CPU.Build.0 = Debug|Any CPU
		{DE5580C8-FE61-43C9-AAC6-FDE7F830928D}.Personal|Any CPU.ActiveCfg = Personal|Any CPU
		{DE5580C8-FE61-43C9-AAC6-FDE7F830928D}.Personal|Any CPU.Build.0 = Personal|Any CPU
		{DE5580C8-FE61-43C9-AAC6-FDE7F830928D}.Public|Any CPU.ActiveCfg = Public|Any CPU
		{DE5580C8-FE61-43C9-AAC6-FDE7F830928D}.Public|Any CPU.Build.0 = Public|Any CPU
		{DE5580C8-FE61-43C9-AAC6-FDE7F830928D}.Release|Any CPU.ActiveCfg = Release|Any CPU
		{DE5580C8-FE61-43C9-AAC6-FDE7F830928D}.Release|Any CPU.Build.0 = Release|Any CPU
		{EFF16F24-0C28-44BF-BDC4-B0DBB1D87BF4}.Debug|Any CPU.ActiveCfg = Debug|Any CPU
		{EFF16F24-0C28-44BF-BDC4-B0DBB1D87BF4}.Debug|Any CPU.Build.0 = Debug|Any CPU
		{EFF16F24-0C28-44BF-BDC4-B0DBB1D87BF4}.Personal|Any CPU.ActiveCfg = Personal|Any CPU
		{EFF16F24-0C28-44BF-BDC4-B0DBB1D87BF4}.Personal|Any CPU.Build.0 = Personal|Any CPU
		{EFF16F24-0C28-44BF-BDC4-B0DBB1D87BF4}.Public|Any CPU.ActiveCfg = Public|Any CPU
		{EFF16F24-0C28-44BF-BDC4-B0DBB1D87BF4}.Public|Any CPU.Build.0 = Public|Any CPU
		{EFF16F24-0C28-44BF-BDC4-B0DBB1D87BF4}.Release|Any CPU.ActiveCfg = Release|Any CPU
		{EFF16F24-0C28-44BF-BDC4-B0DBB1D87BF4}.Release|Any CPU.Build.0 = Release|Any CPU
	EndGlobalSection
	GlobalSection(SolutionProperties) = preSolution
		HideSolutionNode = FALSE
	EndGlobalSection
	GlobalSection(NestedProjects) = preSolution
		{6794BE50-3AC2-4BD1-991D-049F4F38E913} = {E0619336-A94F-4280-838B-484A35261D76}
		{00D24C17-2873-49A5-B82B-638FCC759D95} = {E0619336-A94F-4280-838B-484A35261D76}
		{E0360528-22FC-4DEA-AECF-153B832F8DBC} = {E0619336-A94F-4280-838B-484A35261D76}
		{5CC90A8B-C254-4609-8161-9F3D9B2CF467} = {E0619336-A94F-4280-838B-484A35261D76}
		{4C16CC3D-046A-4219-ADA7-9A69F54E8116} = {E0619336-A94F-4280-838B-484A35261D76}
		{DE5580C8-FE61-43C9-AAC6-FDE7F830928D} = {E0619336-A94F-4280-838B-484A35261D76}
		{EFF16F24-0C28-44BF-BDC4-B0DBB1D87BF4} = {E0619336-A94F-4280-838B-484A35261D76}
	EndGlobalSection
	GlobalSection(ExtensibilityGlobals) = postSolution
		SolutionGuid = {1FF9E9E5-F170-4859-B102-80968AAE1D5A}
	EndGlobalSection
	GlobalSection(MonoDevelopProperties) = preSolution
		Policies = $0
		$0.TextStylePolicy = $1
		$1.EolMarker = Windows
		$1.inheritsSet = VisualStudio
		$1.inheritsScope = text/plain
		$1.scope = text/x-csharp
		$0.CSharpFormattingPolicy = $2
		$2.IndentSwitchSection = True
		$2.NewLinesForBracesInProperties = True
		$2.NewLinesForBracesInAccessors = True
		$2.NewLinesForBracesInAnonymousMethods = True
		$2.NewLinesForBracesInControlBlocks = True
		$2.NewLinesForBracesInAnonymousTypes = True
		$2.NewLinesForBracesInObjectCollectionArrayInitializers = True
		$2.NewLinesForBracesInLambdaExpressionBody = True
		$2.NewLineForElse = True
		$2.NewLineForCatch = True
		$2.NewLineForFinally = True
		$2.NewLineForMembersInObjectInit = True
		$2.NewLineForMembersInAnonymousTypes = True
		$2.NewLineForClausesInQuery = True
		$2.SpacingAfterMethodDeclarationName = False
		$2.SpaceAfterMethodCallName = False
		$2.SpaceBeforeOpenSquareBracket = False
		$2.inheritsSet = Mono
		$2.inheritsScope = text/x-csharp
		$2.scope = text/x-csharp
	EndGlobalSection
	GlobalSection(MonoDevelopProperties) = preSolution
		Policies = $0
		$0.TextStylePolicy = $1
		$1.EolMarker = Windows
		$1.inheritsSet = VisualStudio
		$1.inheritsScope = text/plain
		$1.scope = text/x-csharp
		$0.CSharpFormattingPolicy = $2
		$2.IndentSwitchSection = True
		$2.NewLinesForBracesInProperties = True
		$2.NewLinesForBracesInAccessors = True
		$2.NewLinesForBracesInAnonymousMethods = True
		$2.NewLinesForBracesInControlBlocks = True
		$2.NewLinesForBracesInAnonymousTypes = True
		$2.NewLinesForBracesInObjectCollectionArrayInitializers = True
		$2.NewLinesForBracesInLambdaExpressionBody = True
		$2.NewLineForElse = True
		$2.NewLineForCatch = True
		$2.NewLineForFinally = True
		$2.NewLineForMembersInObjectInit = True
		$2.NewLineForMembersInAnonymousTypes = True
		$2.NewLineForClausesInQuery = True
		$2.SpacingAfterMethodDeclarationName = False
		$2.SpaceAfterMethodCallName = False
		$2.SpaceBeforeOpenSquareBracket = False
		$2.inheritsSet = Mono
		$2.inheritsScope = text/x-csharp
		$2.scope = text/x-csharp
	EndGlobalSection
EndGlobal
