
Microsoft Visual Studio Solution File, Format Version 12.00
# Visual Studio Version 16
VisualStudioVersion = 16.0.28803.156
MinimumVisualStudioVersion = 10.0.40219.1
Project("{2150E333-8FDC-42A3-9474-1A3956D46DE8}") = "Prion", "Prion", "{E0619336-A94F-4280-838B-484A35261D76}"
EndProject
Project("{9A19103F-16F7-4668-BE54-9A1E7A4F7556}") = "Contagion", "..\Prion\Contagion\Contagion.csproj", "{A132BB89-8317-4CD4-8B7A-13C15464ADFD}"
EndProject
Project("{9A19103F-16F7-4668-BE54-9A1E7A4F7556}") = "Prion.Core", "..\Prion\Prion.Core\Prion.Core.csproj", "{A3AF3153-D11D-43EC-A125-190405A14768}"
EndProject
Project("{9A19103F-16F7-4668-BE54-9A1E7A4F7556}") = "Prion.Game", "..\Prion\Prion.Game\Prion.Game.csproj", "{B28E483E-4645-4245-9889-D204D5331A88}"
EndProject
Project("{9A19103F-16F7-4668-BE54-9A1E7A4F7556}") = "Vitaru", "Vitaru\Vitaru.csproj", "{0DEAAAD3-995D-49E2-9ADC-3CF2D1816C82}"
EndProject
Project("{9A19103F-16F7-4668-BE54-9A1E7A4F7556}") = "Vitaru.Server", "Vitaru.Server\Vitaru.Server.csproj", "{4FA72FAD-6C19-4A75-B008-0F3E668D6A6A}"
EndProject
Project("{9A19103F-16F7-4668-BE54-9A1E7A4F7556}") = "osu.Game.Rulesets.Vitaru", "..\sym-server\osu-sym\osu.Game.Rulesets.Vitaru\osu.Game.Rulesets.Vitaru.csproj", "{E70687BE-13A5-4440-BAC3-2B1389263E30}"
EndProject
Project("{2150E333-8FDC-42A3-9474-1A3956D46DE8}") = "OG Vitaru", "OG Vitaru", "{A0A00FD8-0988-4D99-A179-2C5D5F573ED6}"
EndProject
Project("{9A19103F-16F7-4668-BE54-9A1E7A4F7556}") = "osu.Mods.Online", "..\sym-server\osu-sym\Sym.osu\osu.Mods.Online\osu.Mods.Online.csproj", "{97B179A0-450E-453C-B258-24CCE1B5B4D7}"
EndProject
Project("{2150E333-8FDC-42A3-9474-1A3956D46DE8}") = "Solution Items", "Solution Items", "{566F7A2E-176E-40DC-A124-EF998A780527}"
	ProjectSection(SolutionItems) = preProject
		.editorconfig = .editorconfig
	EndProjectSection
EndProject
Global
	GlobalSection(SolutionConfigurationPlatforms) = preSolution
		Debug|Any CPU = Debug|Any CPU
		Publish|Any CPU = Publish|Any CPU
		Release|Any CPU = Release|Any CPU
	EndGlobalSection
	GlobalSection(ProjectConfigurationPlatforms) = postSolution
		{A132BB89-8317-4CD4-8B7A-13C15464ADFD}.Debug|Any CPU.ActiveCfg = Debug|Any CPU
		{A132BB89-8317-4CD4-8B7A-13C15464ADFD}.Debug|Any CPU.Build.0 = Debug|Any CPU
		{A132BB89-8317-4CD4-8B7A-13C15464ADFD}.Publish|Any CPU.ActiveCfg = Publish|Any CPU
		{A132BB89-8317-4CD4-8B7A-13C15464ADFD}.Publish|Any CPU.Build.0 = Publish|Any CPU
		{A132BB89-8317-4CD4-8B7A-13C15464ADFD}.Release|Any CPU.ActiveCfg = Release|Any CPU
		{A132BB89-8317-4CD4-8B7A-13C15464ADFD}.Release|Any CPU.Build.0 = Release|Any CPU
		{A3AF3153-D11D-43EC-A125-190405A14768}.Debug|Any CPU.ActiveCfg = Debug|Any CPU
		{A3AF3153-D11D-43EC-A125-190405A14768}.Debug|Any CPU.Build.0 = Debug|Any CPU
		{A3AF3153-D11D-43EC-A125-190405A14768}.Publish|Any CPU.ActiveCfg = Publish|Any CPU
		{A3AF3153-D11D-43EC-A125-190405A14768}.Publish|Any CPU.Build.0 = Publish|Any CPU
		{A3AF3153-D11D-43EC-A125-190405A14768}.Release|Any CPU.ActiveCfg = Release|Any CPU
		{A3AF3153-D11D-43EC-A125-190405A14768}.Release|Any CPU.Build.0 = Release|Any CPU
		{B28E483E-4645-4245-9889-D204D5331A88}.Debug|Any CPU.ActiveCfg = Debug|Any CPU
		{B28E483E-4645-4245-9889-D204D5331A88}.Debug|Any CPU.Build.0 = Debug|Any CPU
		{B28E483E-4645-4245-9889-D204D5331A88}.Publish|Any CPU.ActiveCfg = Publish|Any CPU
		{B28E483E-4645-4245-9889-D204D5331A88}.Publish|Any CPU.Build.0 = Publish|Any CPU
		{B28E483E-4645-4245-9889-D204D5331A88}.Release|Any CPU.ActiveCfg = Release|Any CPU
		{B28E483E-4645-4245-9889-D204D5331A88}.Release|Any CPU.Build.0 = Release|Any CPU
		{0DEAAAD3-995D-49E2-9ADC-3CF2D1816C82}.Debug|Any CPU.ActiveCfg = Debug|Any CPU
		{0DEAAAD3-995D-49E2-9ADC-3CF2D1816C82}.Debug|Any CPU.Build.0 = Debug|Any CPU
		{0DEAAAD3-995D-49E2-9ADC-3CF2D1816C82}.Publish|Any CPU.ActiveCfg = Publish|Any CPU
		{0DEAAAD3-995D-49E2-9ADC-3CF2D1816C82}.Publish|Any CPU.Build.0 = Publish|Any CPU
		{0DEAAAD3-995D-49E2-9ADC-3CF2D1816C82}.Release|Any CPU.ActiveCfg = Release|Any CPU
		{0DEAAAD3-995D-49E2-9ADC-3CF2D1816C82}.Release|Any CPU.Build.0 = Release|Any CPU
		{4FA72FAD-6C19-4A75-B008-0F3E668D6A6A}.Debug|Any CPU.ActiveCfg = Debug|Any CPU
		{4FA72FAD-6C19-4A75-B008-0F3E668D6A6A}.Debug|Any CPU.Build.0 = Debug|Any CPU
		{4FA72FAD-6C19-4A75-B008-0F3E668D6A6A}.Publish|Any CPU.ActiveCfg = Publish|Any CPU
		{4FA72FAD-6C19-4A75-B008-0F3E668D6A6A}.Publish|Any CPU.Build.0 = Publish|Any CPU
		{4FA72FAD-6C19-4A75-B008-0F3E668D6A6A}.Release|Any CPU.ActiveCfg = Release|Any CPU
		{4FA72FAD-6C19-4A75-B008-0F3E668D6A6A}.Release|Any CPU.Build.0 = Release|Any CPU
		{E70687BE-13A5-4440-BAC3-2B1389263E30}.Debug|Any CPU.ActiveCfg = Debug|Any CPU
		{E70687BE-13A5-4440-BAC3-2B1389263E30}.Debug|Any CPU.Build.0 = Debug|Any CPU
		{E70687BE-13A5-4440-BAC3-2B1389263E30}.Publish|Any CPU.ActiveCfg = Debug|Any CPU
		{E70687BE-13A5-4440-BAC3-2B1389263E30}.Publish|Any CPU.Build.0 = Debug|Any CPU
		{E70687BE-13A5-4440-BAC3-2B1389263E30}.Release|Any CPU.ActiveCfg = Release|Any CPU
		{E70687BE-13A5-4440-BAC3-2B1389263E30}.Release|Any CPU.Build.0 = Release|Any CPU
		{97B179A0-450E-453C-B258-24CCE1B5B4D7}.Debug|Any CPU.ActiveCfg = Debug|Any CPU
		{97B179A0-450E-453C-B258-24CCE1B5B4D7}.Debug|Any CPU.Build.0 = Debug|Any CPU
		{97B179A0-450E-453C-B258-24CCE1B5B4D7}.Publish|Any CPU.ActiveCfg = Debug|Any CPU
		{97B179A0-450E-453C-B258-24CCE1B5B4D7}.Publish|Any CPU.Build.0 = Debug|Any CPU
		{97B179A0-450E-453C-B258-24CCE1B5B4D7}.Release|Any CPU.ActiveCfg = Release|Any CPU
		{97B179A0-450E-453C-B258-24CCE1B5B4D7}.Release|Any CPU.Build.0 = Release|Any CPU
	EndGlobalSection
	GlobalSection(SolutionProperties) = preSolution
		HideSolutionNode = FALSE
	EndGlobalSection
	GlobalSection(NestedProjects) = preSolution
		{A132BB89-8317-4CD4-8B7A-13C15464ADFD} = {E0619336-A94F-4280-838B-484A35261D76}
		{A3AF3153-D11D-43EC-A125-190405A14768} = {E0619336-A94F-4280-838B-484A35261D76}
		{B28E483E-4645-4245-9889-D204D5331A88} = {E0619336-A94F-4280-838B-484A35261D76}
		{E70687BE-13A5-4440-BAC3-2B1389263E30} = {A0A00FD8-0988-4D99-A179-2C5D5F573ED6}
		{97B179A0-450E-453C-B258-24CCE1B5B4D7} = {A0A00FD8-0988-4D99-A179-2C5D5F573ED6}
	EndGlobalSection
	GlobalSection(ExtensibilityGlobals) = postSolution
		SolutionGuid = {1FF9E9E5-F170-4859-B102-80968AAE1D5A}
	EndGlobalSection
	GlobalSection(MonoDevelopProperties) = preSolution
		Policies = $0
		$0.TextStylePolicy = $1
		$1.EolMarker = Windows
		$1.inheritsSet = VisualStudio
		$1.inheritsScope = text/plain
		$1.scope = text/x-csharp
		$0.CSharpFormattingPolicy = $2
		$2.IndentSwitchSection = True
		$2.NewLinesForBracesInProperties = True
		$2.NewLinesForBracesInAccessors = True
		$2.NewLinesForBracesInAnonymousMethods = True
		$2.NewLinesForBracesInControlBlocks = True
		$2.NewLinesForBracesInAnonymousTypes = True
		$2.NewLinesForBracesInObjectCollectionArrayInitializers = True
		$2.NewLinesForBracesInLambdaExpressionBody = True
		$2.NewLineForElse = True
		$2.NewLineForCatch = True
		$2.NewLineForFinally = True
		$2.NewLineForMembersInObjectInit = True
		$2.NewLineForMembersInAnonymousTypes = True
		$2.NewLineForClausesInQuery = True
		$2.SpacingAfterMethodDeclarationName = False
		$2.SpaceAfterMethodCallName = False
		$2.SpaceBeforeOpenSquareBracket = False
		$2.inheritsSet = Mono
		$2.inheritsScope = text/x-csharp
		$2.scope = text/x-csharp
	EndGlobalSection
	GlobalSection(MonoDevelopProperties) = preSolution
		Policies = $0
		$0.TextStylePolicy = $1
		$1.EolMarker = Windows
		$1.inheritsSet = VisualStudio
		$1.inheritsScope = text/plain
		$1.scope = text/x-csharp
		$0.CSharpFormattingPolicy = $2
		$2.IndentSwitchSection = True
		$2.NewLinesForBracesInProperties = True
		$2.NewLinesForBracesInAccessors = True
		$2.NewLinesForBracesInAnonymousMethods = True
		$2.NewLinesForBracesInControlBlocks = True
		$2.NewLinesForBracesInAnonymousTypes = True
		$2.NewLinesForBracesInObjectCollectionArrayInitializers = True
		$2.NewLinesForBracesInLambdaExpressionBody = True
		$2.NewLineForElse = True
		$2.NewLineForCatch = True
		$2.NewLineForFinally = True
		$2.NewLineForMembersInObjectInit = True
		$2.NewLineForMembersInAnonymousTypes = True
		$2.NewLineForClausesInQuery = True
		$2.SpacingAfterMethodDeclarationName = False
		$2.SpaceAfterMethodCallName = False
		$2.SpaceBeforeOpenSquareBracket = False
		$2.inheritsSet = Mono
		$2.inheritsScope = text/x-csharp
		$2.scope = text/x-csharp
	EndGlobalSection
EndGlobal
